
Microsoft Visual Studio Solution File, Format Version 12.00
# Visual Studio Version 16
VisualStudioVersion = 16.0.29418.71
MinimumVisualStudioVersion = 10.0.40219.1
Project("{FAE04EC0-301F-11D3-BF4B-00C04F79EFBC}") = "Memento", "Memento\Memento.csproj", "{81D15B43-6169-4390-A3AC-6CA6ACDE36F0}"
EndProject
Global
	GlobalSection(SolutionConfigurationPlatforms) = preSolution
		Debug|Any CPU = Debug|Any CPU
		Release|Any CPU = Release|Any CPU
	EndGlobalSection
	GlobalSection(ProjectConfigurationPlatforms) = postSolution
		{81D15B43-6169-4390-A3AC-6CA6ACDE36F0}.Debug|Any CPU.ActiveCfg = Debug|Any CPU
		{81D15B43-6169-4390-A3AC-6CA6ACDE36F0}.Debug|Any CPU.Build.0 = Debug|Any CPU
		{81D15B43-6169-4390-A3AC-6CA6ACDE36F0}.Release|Any CPU.ActiveCfg = Release|Any CPU
		{81D15B43-6169-4390-A3AC-6CA6ACDE36F0}.Release|Any CPU.Build.0 = Release|Any CPU
	EndGlobalSection
	GlobalSection(SolutionProperties) = preSolution
		HideSolutionNode = FALSE
	EndGlobalSection
	GlobalSection(ExtensibilityGlobals) = postSolution
		SolutionGuid = {42473335-B80C-4378-8638-8B133588E131}
	EndGlobalSection
EndGlobal
